// !$*UTF8*$!
{
	archiveVersion = 1;
	classes = {
	};
	objectVersion = 46;
	objects = {

/* Begin PBXBuildFile section */
		08A3FEB01E9CD8A800AEC7DD /* HomeViewController.m in Sources */ = {isa = PBXBuildFile; fileRef = 08A3FEAF1E9CD8A800AEC7DD /* HomeViewController.m */; };
		08D2C01E1E9CC4CE00D8120C /* AppDelegate.m in Sources */ = {isa = PBXBuildFile; fileRef = 08D2C01D1E9CC4CE00D8120C /* AppDelegate.m */; };
		08D2C0341E9CC4CE00D8120C /* YWLabelDemoTests.m in Sources */ = {isa = PBXBuildFile; fileRef = 08D2C0331E9CC4CE00D8120C /* YWLabelDemoTests.m */; };
		08D2C03F1E9CC4CE00D8120C /* YWLabelDemoUITests.m in Sources */ = {isa = PBXBuildFile; fileRef = 08D2C03E1E9CC4CE00D8120C /* YWLabelDemoUITests.m */; };
		08D2C0701E9CC51200D8120C /* CommonViewController.m in Sources */ = {isa = PBXBuildFile; fileRef = 08D2C0591E9CC51200D8120C /* CommonViewController.m */; };
		08D2C0741E9CC51200D8120C /* Assets.xcassets in Resources */ = {isa = PBXBuildFile; fileRef = 08D2C0661E9CC51200D8120C /* Assets.xcassets */; };
		08D2C0751E9CC51200D8120C /* LaunchScreen.storyboard in Resources */ = {isa = PBXBuildFile; fileRef = 08D2C0671E9CC51200D8120C /* LaunchScreen.storyboard */; };
		08D2C0761E9CC51200D8120C /* Main.storyboard in Resources */ = {isa = PBXBuildFile; fileRef = 08D2C0691E9CC51200D8120C /* Main.storyboard */; };
		08D2C0771E9CC51200D8120C /* Info.plist in Resources */ = {isa = PBXBuildFile; fileRef = 08D2C06B1E9CC51200D8120C /* Info.plist */; };
		08D2C0781E9CC51200D8120C /* main.m in Sources */ = {isa = PBXBuildFile; fileRef = 08D2C06C1E9CC51200D8120C /* main.m */; };
		08D2C07D1E9CC5BC00D8120C /* YWLabel.m in Sources */ = {isa = PBXBuildFile; fileRef = 08D2C07C1E9CC5BC00D8120C /* YWLabel.m */; };
/* End PBXBuildFile section */

/* Begin PBXContainerItemProxy section */
		08D2C0301E9CC4CE00D8120C /* PBXContainerItemProxy */ = {
			isa = PBXContainerItemProxy;
			containerPortal = 08D2C00E1E9CC4CD00D8120C /* Project object */;
			proxyType = 1;
			remoteGlobalIDString = 08D2C0151E9CC4CD00D8120C;
			remoteInfo = YWLabelDemo;
		};
		08D2C03B1E9CC4CE00D8120C /* PBXContainerItemProxy */ = {
			isa = PBXContainerItemProxy;
			containerPortal = 08D2C00E1E9CC4CD00D8120C /* Project object */;
			proxyType = 1;
			remoteGlobalIDString = 08D2C0151E9CC4CD00D8120C;
			remoteInfo = YWLabelDemo;
		};
/* End PBXContainerItemProxy section */

/* Begin PBXFileReference section */
		08A3FEAE1E9CD8A800AEC7DD /* HomeViewController.h */ = {isa = PBXFileReference; fileEncoding = 4; lastKnownFileType = sourcecode.c.h; path = HomeViewController.h; sourceTree = "<group>"; };
		08A3FEAF1E9CD8A800AEC7DD /* HomeViewController.m */ = {isa = PBXFileReference; fileEncoding = 4; lastKnownFileType = sourcecode.c.objc; path = HomeViewController.m; sourceTree = "<group>"; };
		08D2C0161E9CC4CE00D8120C /* YWLabelDemo.app */ = {isa = PBXFileReference; explicitFileType = wrapper.application; includeInIndex = 0; path = YWLabelDemo.app; sourceTree = BUILT_PRODUCTS_DIR; };
		08D2C01C1E9CC4CE00D8120C /* AppDelegate.h */ = {isa = PBXFileReference; lastKnownFileType = sourcecode.c.h; path = AppDelegate.h; sourceTree = "<group>"; };
		08D2C01D1E9CC4CE00D8120C /* AppDelegate.m */ = {isa = PBXFileReference; lastKnownFileType = sourcecode.c.objc; path = AppDelegate.m; sourceTree = "<group>"; };
		08D2C02F1E9CC4CE00D8120C /* YWLabelDemoTests.xctest */ = {isa = PBXFileReference; explicitFileType = wrapper.cfbundle; includeInIndex = 0; path = YWLabelDemoTests.xctest; sourceTree = BUILT_PRODUCTS_DIR; };
		08D2C0331E9CC4CE00D8120C /* YWLabelDemoTests.m */ = {isa = PBXFileReference; lastKnownFileType = sourcecode.c.objc; path = YWLabelDemoTests.m; sourceTree = "<group>"; };
		08D2C0351E9CC4CE00D8120C /* Info.plist */ = {isa = PBXFileReference; lastKnownFileType = text.plist.xml; path = Info.plist; sourceTree = "<group>"; };
		08D2C03A1E9CC4CE00D8120C /* YWLabelDemoUITests.xctest */ = {isa = PBXFileReference; explicitFileType = wrapper.cfbundle; includeInIndex = 0; path = YWLabelDemoUITests.xctest; sourceTree = BUILT_PRODUCTS_DIR; };
		08D2C03E1E9CC4CE00D8120C /* YWLabelDemoUITests.m */ = {isa = PBXFileReference; lastKnownFileType = sourcecode.c.objc; path = YWLabelDemoUITests.m; sourceTree = "<group>"; };
		08D2C0401E9CC4CE00D8120C /* Info.plist */ = {isa = PBXFileReference; lastKnownFileType = text.plist.xml; path = Info.plist; sourceTree = "<group>"; };
		08D2C0581E9CC51200D8120C /* CommonViewController.h */ = {isa = PBXFileReference; fileEncoding = 4; lastKnownFileType = sourcecode.c.h; path = CommonViewController.h; sourceTree = "<group>"; };
		08D2C0591E9CC51200D8120C /* CommonViewController.m */ = {isa = PBXFileReference; fileEncoding = 4; lastKnownFileType = sourcecode.c.objc; path = CommonViewController.m; sourceTree = "<group>"; };
		08D2C05A1E9CC51200D8120C /* PublicDefine.h */ = {isa = PBXFileReference; fileEncoding = 4; lastKnownFileType = sourcecode.c.h; path = PublicDefine.h; sourceTree = "<group>"; };
		08D2C0661E9CC51200D8120C /* Assets.xcassets */ = {isa = PBXFileReference; lastKnownFileType = folder.assetcatalog; path = Assets.xcassets; sourceTree = "<group>"; };
		08D2C0681E9CC51200D8120C /* Base */ = {isa = PBXFileReference; lastKnownFileType = file.storyboard; name = Base; path = Base.lproj/LaunchScreen.storyboard; sourceTree = "<group>"; };
		08D2C06A1E9CC51200D8120C /* Base */ = {isa = PBXFileReference; lastKnownFileType = file.storyboard; name = Base; path = Base.lproj/Main.storyboard; sourceTree = "<group>"; };
		08D2C06B1E9CC51200D8120C /* Info.plist */ = {isa = PBXFileReference; fileEncoding = 4; lastKnownFileType = text.plist.xml; path = Info.plist; sourceTree = "<group>"; };
		08D2C06C1E9CC51200D8120C /* main.m */ = {isa = PBXFileReference; fileEncoding = 4; lastKnownFileType = sourcecode.c.objc; path = main.m; sourceTree = "<group>"; };
		08D2C0791E9CC53200D8120C /* PrefixHeader.pch */ = {isa = PBXFileReference; lastKnownFileType = sourcecode.c.h; path = PrefixHeader.pch; sourceTree = "<group>"; };
		08D2C07B1E9CC5BC00D8120C /* YWLabel.h */ = {isa = PBXFileReference; fileEncoding = 4; lastKnownFileType = sourcecode.c.h; path = YWLabel.h; sourceTree = "<group>"; };
		08D2C07C1E9CC5BC00D8120C /* YWLabel.m */ = {isa = PBXFileReference; fileEncoding = 4; lastKnownFileType = sourcecode.c.objc; path = YWLabel.m; sourceTree = "<group>"; };
/* End PBXFileReference section */

/* Begin PBXFrameworksBuildPhase section */
		08D2C0131E9CC4CD00D8120C /* Frameworks */ = {
			isa = PBXFrameworksBuildPhase;
			buildActionMask = 2147483647;
			files = (
			);
			runOnlyForDeploymentPostprocessing = 0;
		};
		08D2C02C1E9CC4CE00D8120C /* Frameworks */ = {
			isa = PBXFrameworksBuildPhase;
			buildActionMask = 2147483647;
			files = (
			);
			runOnlyForDeploymentPostprocessing = 0;
		};
		08D2C0371E9CC4CE00D8120C /* Frameworks */ = {
			isa = PBXFrameworksBuildPhase;
			buildActionMask = 2147483647;
			files = (
			);
			runOnlyForDeploymentPostprocessing = 0;
		};
/* End PBXFrameworksBuildPhase section */

/* Begin PBXGroup section */
		08D2C00D1E9CC4CD00D8120C = {
			isa = PBXGroup;
			children = (
				08D2C0181E9CC4CE00D8120C /* YWLabelDemo */,
				08D2C0321E9CC4CE00D8120C /* YWLabelDemoTests */,
				08D2C03D1E9CC4CE00D8120C /* YWLabelDemoUITests */,
				08D2C0171E9CC4CE00D8120C /* Products */,
			);
			sourceTree = "<group>";
		};
		08D2C0171E9CC4CE00D8120C /* Products */ = {
			isa = PBXGroup;
			children = (
				08D2C0161E9CC4CE00D8120C /* YWLabelDemo.app */,
				08D2C02F1E9CC4CE00D8120C /* YWLabelDemoTests.xctest */,
				08D2C03A1E9CC4CE00D8120C /* YWLabelDemoUITests.xctest */,
			);
			name = Products;
			sourceTree = "<group>";
		};
		08D2C0181E9CC4CE00D8120C /* YWLabelDemo */ = {
			isa = PBXGroup;
			children = (
				08D2C04C1E9CC51200D8120C /* Function */,
				08D2C0561E9CC51200D8120C /* Public */,
				08D2C0651E9CC51200D8120C /* Supporting Files */,
				08D2C01C1E9CC4CE00D8120C /* AppDelegate.h */,
				08D2C01D1E9CC4CE00D8120C /* AppDelegate.m */,
			);
			path = YWLabelDemo;
			sourceTree = "<group>";
		};
		08D2C0321E9CC4CE00D8120C /* YWLabelDemoTests */ = {
			isa = PBXGroup;
			children = (
				08D2C0331E9CC4CE00D8120C /* YWLabelDemoTests.m */,
				08D2C0351E9CC4CE00D8120C /* Info.plist */,
			);
			path = YWLabelDemoTests;
			sourceTree = "<group>";
		};
		08D2C03D1E9CC4CE00D8120C /* YWLabelDemoUITests */ = {
			isa = PBXGroup;
			children = (
				08D2C03E1E9CC4CE00D8120C /* YWLabelDemoUITests.m */,
				08D2C0401E9CC4CE00D8120C /* Info.plist */,
			);
			path = YWLabelDemoUITests;
			sourceTree = "<group>";
		};
		08D2C04C1E9CC51200D8120C /* Function */ = {
			isa = PBXGroup;
			children = (
				08D2C04D1E9CC51200D8120C /* Home */,
			);
			path = Function;
			sourceTree = "<group>";
		};
		08D2C04D1E9CC51200D8120C /* Home */ = {
			isa = PBXGroup;
			children = (
				08D2C04E1E9CC51200D8120C /* CHome */,
				08D2C0511E9CC51200D8120C /* MHome */,
				08D2C0521E9CC51200D8120C /* RHome */,
				08D2C0531E9CC51200D8120C /* VHome */,
			);
			path = Home;
			sourceTree = "<group>";
		};
		08D2C04E1E9CC51200D8120C /* CHome */ = {
			isa = PBXGroup;
			children = (
				08A3FEAE1E9CD8A800AEC7DD /* HomeViewController.h */,
				08A3FEAF1E9CD8A800AEC7DD /* HomeViewController.m */,
			);
			path = CHome;
			sourceTree = "<group>";
		};
		08D2C0511E9CC51200D8120C /* MHome */ = {
			isa = PBXGroup;
			children = (
			);
			path = MHome;
			sourceTree = "<group>";
		};
		08D2C0521E9CC51200D8120C /* RHome */ = {
			isa = PBXGroup;
			children = (
			);
			path = RHome;
			sourceTree = "<group>";
		};
		08D2C0531E9CC51200D8120C /* VHome */ = {
			isa = PBXGroup;
			children = (
			);
			path = VHome;
			sourceTree = "<group>";
		};
		08D2C0561E9CC51200D8120C /* Public */ = {
			isa = PBXGroup;
			children = (
				08D2C0571E9CC51200D8120C /* PublicCommon */,
				08D2C05B1E9CC51200D8120C /* PublicFunction */,
			);
			path = Public;
			sourceTree = "<group>";
		};
		08D2C0571E9CC51200D8120C /* PublicCommon */ = {
			isa = PBXGroup;
			children = (
				08D2C0581E9CC51200D8120C /* CommonViewController.h */,
				08D2C0591E9CC51200D8120C /* CommonViewController.m */,
				08D2C05A1E9CC51200D8120C /* PublicDefine.h */,
			);
			path = PublicCommon;
			sourceTree = "<group>";
		};
		08D2C05B1E9CC51200D8120C /* PublicFunction */ = {
			isa = PBXGroup;
			children = (
				08D2C07A1E9CC5AA00D8120C /* YWLabel */,
			);
			path = PublicFunction;
			sourceTree = "<group>";
		};
		08D2C0651E9CC51200D8120C /* Supporting Files */ = {
			isa = PBXGroup;
			children = (
				08D2C0791E9CC53200D8120C /* PrefixHeader.pch */,
				08D2C0661E9CC51200D8120C /* Assets.xcassets */,
				08D2C0671E9CC51200D8120C /* LaunchScreen.storyboard */,
				08D2C0691E9CC51200D8120C /* Main.storyboard */,
				08D2C06B1E9CC51200D8120C /* Info.plist */,
				08D2C06C1E9CC51200D8120C /* main.m */,
			);
			path = "Supporting Files";
			sourceTree = "<group>";
		};
		08D2C07A1E9CC5AA00D8120C /* YWLabel */ = {
			isa = PBXGroup;
			children = (
				08D2C07B1E9CC5BC00D8120C /* YWLabel.h */,
				08D2C07C1E9CC5BC00D8120C /* YWLabel.m */,
			);
			path = YWLabel;
			sourceTree = "<group>";
		};
/* End PBXGroup section */

/* Begin PBXNativeTarget section */
		08D2C0151E9CC4CD00D8120C /* YWLabelDemo */ = {
			isa = PBXNativeTarget;
			buildConfigurationList = 08D2C0431E9CC4CE00D8120C /* Build configuration list for PBXNativeTarget "YWLabelDemo" */;
			buildPhases = (
				08D2C0121E9CC4CD00D8120C /* Sources */,
				08D2C0131E9CC4CD00D8120C /* Frameworks */,
				08D2C0141E9CC4CD00D8120C /* Resources */,
			);
			buildRules = (
			);
			dependencies = (
			);
			name = YWLabelDemo;
			productName = YWLabelDemo;
			productReference = 08D2C0161E9CC4CE00D8120C /* YWLabelDemo.app */;
			productType = "com.apple.product-type.application";
		};
		08D2C02E1E9CC4CE00D8120C /* YWLabelDemoTests */ = {
			isa = PBXNativeTarget;
			buildConfigurationList = 08D2C0461E9CC4CE00D8120C /* Build configuration list for PBXNativeTarget "YWLabelDemoTests" */;
			buildPhases = (
				08D2C02B1E9CC4CE00D8120C /* Sources */,
				08D2C02C1E9CC4CE00D8120C /* Frameworks */,
				08D2C02D1E9CC4CE00D8120C /* Resources */,
			);
			buildRules = (
			);
			dependencies = (
				08D2C0311E9CC4CE00D8120C /* PBXTargetDependency */,
			);
			name = YWLabelDemoTests;
			productName = YWLabelDemoTests;
			productReference = 08D2C02F1E9CC4CE00D8120C /* YWLabelDemoTests.xctest */;
			productType = "com.apple.product-type.bundle.unit-test";
		};
		08D2C0391E9CC4CE00D8120C /* YWLabelDemoUITests */ = {
			isa = PBXNativeTarget;
			buildConfigurationList = 08D2C0491E9CC4CE00D8120C /* Build configuration list for PBXNativeTarget "YWLabelDemoUITests" */;
			buildPhases = (
				08D2C0361E9CC4CE00D8120C /* Sources */,
				08D2C0371E9CC4CE00D8120C /* Frameworks */,
				08D2C0381E9CC4CE00D8120C /* Resources */,
			);
			buildRules = (
			);
			dependencies = (
				08D2C03C1E9CC4CE00D8120C /* PBXTargetDependency */,
			);
			name = YWLabelDemoUITests;
			productName = YWLabelDemoUITests;
			productReference = 08D2C03A1E9CC4CE00D8120C /* YWLabelDemoUITests.xctest */;
			productType = "com.apple.product-type.bundle.ui-testing";
		};
/* End PBXNativeTarget section */

/* Begin PBXProject section */
		08D2C00E1E9CC4CD00D8120C /* Project object */ = {
			isa = PBXProject;
			attributes = {
				LastUpgradeCheck = 0810;
				ORGANIZATIONNAME = wyw;
				TargetAttributes = {
					08D2C0151E9CC4CD00D8120C = {
						CreatedOnToolsVersion = 8.1;
						ProvisioningStyle = Automatic;
					};
					08D2C02E1E9CC4CE00D8120C = {
						CreatedOnToolsVersion = 8.1;
						ProvisioningStyle = Automatic;
						TestTargetID = 08D2C0151E9CC4CD00D8120C;
					};
					08D2C0391E9CC4CE00D8120C = {
						CreatedOnToolsVersion = 8.1;
						ProvisioningStyle = Automatic;
						TestTargetID = 08D2C0151E9CC4CD00D8120C;
					};
				};
			};
			buildConfigurationList = 08D2C0111E9CC4CD00D8120C /* Build configuration list for PBXProject "YWLabelDemo" */;
			compatibilityVersion = "Xcode 3.2";
			developmentRegion = English;
			hasScannedForEncodings = 0;
			knownRegions = (
				en,
				Base,
			);
			mainGroup = 08D2C00D1E9CC4CD00D8120C;
			productRefGroup = 08D2C0171E9CC4CE00D8120C /* Products */;
			projectDirPath = "";
			projectRoot = "";
			targets = (
				08D2C0151E9CC4CD00D8120C /* YWLabelDemo */,
				08D2C02E1E9CC4CE00D8120C /* YWLabelDemoTests */,
				08D2C0391E9CC4CE00D8120C /* YWLabelDemoUITests */,
			);
		};
/* End PBXProject section */

/* Begin PBXResourcesBuildPhase section */
		08D2C0141E9CC4CD00D8120C /* Resources */ = {
			isa = PBXResourcesBuildPhase;
			buildActionMask = 2147483647;
			files = (
				08D2C0771E9CC51200D8120C /* Info.plist in Resources */,
				08D2C0761E9CC51200D8120C /* Main.storyboard in Resources */,
				08D2C0741E9CC51200D8120C /* Assets.xcassets in Resources */,
				08D2C0751E9CC51200D8120C /* LaunchScreen.storyboard in Resources */,
			);
			runOnlyForDeploymentPostprocessing = 0;
		};
		08D2C02D1E9CC4CE00D8120C /* Resources */ = {
			isa = PBXResourcesBuildPhase;
			buildActionMask = 2147483647;
			files = (
			);
			runOnlyForDeploymentPostprocessing = 0;
		};
		08D2C0381E9CC4CE00D8120C /* Resources */ = {
			isa = PBXResourcesBuildPhase;
			buildActionMask = 2147483647;
			files = (
			);
			runOnlyForDeploymentPostprocessing = 0;
		};
/* End PBXResourcesBuildPhase section */

/* Begin PBXSourcesBuildPhase section */
		08D2C0121E9CC4CD00D8120C /* Sources */ = {
			isa = PBXSourcesBuildPhase;
			buildActionMask = 2147483647;
			files = (
				08D2C01E1E9CC4CE00D8120C /* AppDelegate.m in Sources */,
				08D2C0701E9CC51200D8120C /* CommonViewController.m in Sources */,
				08D2C07D1E9CC5BC00D8120C /* YWLabel.m in Sources */,
				08A3FEB01E9CD8A800AEC7DD /* HomeViewController.m in Sources */,
				08D2C0781E9CC51200D8120C /* main.m in Sources */,
			);
			runOnlyForDeploymentPostprocessing = 0;
		};
		08D2C02B1E9CC4CE00D8120C /* Sources */ = {
			isa = PBXSourcesBuildPhase;
			buildActionMask = 2147483647;
			files = (
				08D2C0341E9CC4CE00D8120C /* YWLabelDemoTests.m in Sources */,
			);
			runOnlyForDeploymentPostprocessing = 0;
		};
		08D2C0361E9CC4CE00D8120C /* Sources */ = {
			isa = PBXSourcesBuildPhase;
			buildActionMask = 2147483647;
			files = (
				08D2C03F1E9CC4CE00D8120C /* YWLabelDemoUITests.m in Sources */,
			);
			runOnlyForDeploymentPostprocessing = 0;
		};
/* End PBXSourcesBuildPhase section */

/* Begin PBXTargetDependency section */
		08D2C0311E9CC4CE00D8120C /* PBXTargetDependency */ = {
			isa = PBXTargetDependency;
			target = 08D2C0151E9CC4CD00D8120C /* YWLabelDemo */;
			targetProxy = 08D2C0301E9CC4CE00D8120C /* PBXContainerItemProxy */;
		};
		08D2C03C1E9CC4CE00D8120C /* PBXTargetDependency */ = {
			isa = PBXTargetDependency;
			target = 08D2C0151E9CC4CD00D8120C /* YWLabelDemo */;
			targetProxy = 08D2C03B1E9CC4CE00D8120C /* PBXContainerItemProxy */;
		};
/* End PBXTargetDependency section */

/* Begin PBXVariantGroup section */
		08D2C0671E9CC51200D8120C /* LaunchScreen.storyboard */ = {
			isa = PBXVariantGroup;
			children = (
				08D2C0681E9CC51200D8120C /* Base */,
			);
			name = LaunchScreen.storyboard;
			sourceTree = "<group>";
		};
		08D2C0691E9CC51200D8120C /* Main.storyboard */ = {
			isa = PBXVariantGroup;
			children = (
				08D2C06A1E9CC51200D8120C /* Base */,
			);
			name = Main.storyboard;
			sourceTree = "<group>";
		};
/* End PBXVariantGroup section */

/* Begin XCBuildConfiguration section */
		08D2C0411E9CC4CE00D8120C /* Debug */ = {
			isa = XCBuildConfiguration;
			buildSettings = {
				ALWAYS_SEARCH_USER_PATHS = NO;
				CLANG_ANALYZER_NONNULL = YES;
				CLANG_CXX_LANGUAGE_STANDARD = "gnu++0x";
				CLANG_CXX_LIBRARY = "libc++";
				CLANG_ENABLE_MODULES = YES;
				CLANG_ENABLE_OBJC_ARC = YES;
				CLANG_WARN_BOOL_CONVERSION = YES;
				CLANG_WARN_CONSTANT_CONVERSION = YES;
				CLANG_WARN_DIRECT_OBJC_ISA_USAGE = YES_ERROR;
				CLANG_WARN_DOCUMENTATION_COMMENTS = YES;
				CLANG_WARN_EMPTY_BODY = YES;
				CLANG_WARN_ENUM_CONVERSION = YES;
				CLANG_WARN_INFINITE_RECURSION = YES;
				CLANG_WARN_INT_CONVERSION = YES;
				CLANG_WARN_OBJC_ROOT_CLASS = YES_ERROR;
				CLANG_WARN_SUSPICIOUS_MOVES = YES;
				CLANG_WARN_UNREACHABLE_CODE = YES;
				CLANG_WARN__DUPLICATE_METHOD_MATCH = YES;
				"CODE_SIGN_IDENTITY[sdk=iphoneos*]" = "iPhone Developer";
				COPY_PHASE_STRIP = NO;
				DEBUG_INFORMATION_FORMAT = dwarf;
				ENABLE_STRICT_OBJC_MSGSEND = YES;
				ENABLE_TESTABILITY = YES;
				GCC_C_LANGUAGE_STANDARD = gnu99;
				GCC_DYNAMIC_NO_PIC = NO;
				GCC_NO_COMMON_BLOCKS = YES;
				GCC_OPTIMIZATION_LEVEL = 0;
				GCC_PREPROCESSOR_DEFINITIONS = (
					"DEBUG=1",
					"$(inherited)",
				);
				GCC_WARN_64_TO_32_BIT_CONVERSION = YES;
				GCC_WARN_ABOUT_RETURN_TYPE = YES_ERROR;
				GCC_WARN_UNDECLARED_SELECTOR = YES;
				GCC_WARN_UNINITIALIZED_AUTOS = YES_AGGRESSIVE;
				GCC_WARN_UNUSED_FUNCTION = YES;
				GCC_WARN_UNUSED_VARIABLE = YES;
				IPHONEOS_DEPLOYMENT_TARGET = 10.1;
				MTL_ENABLE_DEBUG_INFO = YES;
				ONLY_ACTIVE_ARCH = YES;
				SDKROOT = iphoneos;
			};
			name = Debug;
		};
		08D2C0421E9CC4CE00D8120C /* Release */ = {
			isa = XCBuildConfiguration;
			buildSettings = {
				ALWAYS_SEARCH_USER_PATHS = NO;
				CLANG_ANALYZER_NONNULL = YES;
				CLANG_CXX_LANGUAGE_STANDARD = "gnu++0x";
				CLANG_CXX_LIBRARY = "libc++";
				CLANG_ENABLE_MODULES = YES;
				CLANG_ENABLE_OBJC_ARC = YES;
				CLANG_WARN_BOOL_CONVERSION = YES;
				CLANG_WARN_CONSTANT_CONVERSION = YES;
				CLANG_WARN_DIRECT_OBJC_ISA_USAGE = YES_ERROR;
				CLANG_WARN_DOCUMENTATION_COMMENTS = YES;
				CLANG_WARN_EMPTY_BODY = YES;
				CLANG_WARN_ENUM_CONVERSION = YES;
				CLANG_WARN_INFINITE_RECURSION = YES;
				CLANG_WARN_INT_CONVERSION = YES;
				CLANG_WARN_OBJC_ROOT_CLASS = YES_ERROR;
				CLANG_WARN_SUSPICIOUS_MOVES = YES;
				CLANG_WARN_UNREACHABLE_CODE = YES;
				CLANG_WARN__DUPLICATE_METHOD_MATCH = YES;
				"CODE_SIGN_IDENTITY[sdk=iphoneos*]" = "iPhone Developer";
				COPY_PHASE_STRIP = NO;
				DEBUG_INFORMATION_FORMAT = "dwarf-with-dsym";
				ENABLE_NS_ASSERTIONS = NO;
				ENABLE_STRICT_OBJC_MSGSEND = YES;
				GCC_C_LANGUAGE_STANDARD = gnu99;
				GCC_NO_COMMON_BLOCKS = YES;
				GCC_WARN_64_TO_32_BIT_CONVERSION = YES;
				GCC_WARN_ABOUT_RETURN_TYPE = YES_ERROR;
				GCC_WARN_UNDECLARED_SELECTOR = YES;
				GCC_WARN_UNINITIALIZED_AUTOS = YES_AGGRESSIVE;
				GCC_WARN_UNUSED_FUNCTION = YES;
				GCC_WARN_UNUSED_VARIABLE = YES;
				IPHONEOS_DEPLOYMENT_TARGET = 10.1;
				MTL_ENABLE_DEBUG_INFO = NO;
				SDKROOT = iphoneos;
				VALIDATE_PRODUCT = YES;
			};
			name = Release;
		};
		08D2C0441E9CC4CE00D8120C /* Debug */ = {
			isa = XCBuildConfiguration;
			buildSettings = {
				ASSETCATALOG_COMPILER_APPICON_NAME = AppIcon;
				GCC_PRECOMPILE_PREFIX_HEADER = YES;
				GCC_PREFIX_HEADER = "/Users/wangyawen/Documents/wang66_GitHub/YWLabelDemo/YWLabelDemo/Supporting Files/PrefixHeader.pch";
				INFOPLIST_FILE = "/Users/wangyawen/Documents/wang66_GitHub/YWLabelDemo/YWLabelDemo/Supporting Files/Info.plist";
				LD_RUNPATH_SEARCH_PATHS = "$(inherited) @executable_path/Frameworks";
				PRODUCT_BUNDLE_IDENTIFIER = wyw.YWLabelDemo;
				PRODUCT_NAME = "$(TARGET_NAME)";
			};
			name = Debug;
		};
		08D2C0451E9CC4CE00D8120C /* Release */ = {
			isa = XCBuildConfiguration;
			buildSettings = {
				ASSETCATALOG_COMPILER_APPICON_NAME = AppIcon;
				GCC_PRECOMPILE_PREFIX_HEADER = YES;
				GCC_PREFIX_HEADER = "/Users/wangyawen/Documents/wang66_GitHub/YWLabelDemo/YWLabelDemo/Supporting Files/PrefixHeader.pch";
				INFOPLIST_FILE = "/Users/wangyawen/Documents/wang66_GitHub/YWLabelDemo/YWLabelDemo/Supporting Files/Info.plist";
				LD_RUNPATH_SEARCH_PATHS = "$(inherited) @executable_path/Frameworks";
				PRODUCT_BUNDLE_IDENTIFIER = wyw.YWLabelDemo;
				PRODUCT_NAME = "$(TARGET_NAME)";
			};
			name = Release;
		};
		08D2C0471E9CC4CE00D8120C /* Debug */ = {
			isa = XCBuildConfiguration;
			buildSettings = {
				BUNDLE_LOADER = "$(TEST_HOST)";
				INFOPLIST_FILE = YWLabelDemoTests/Info.plist;
				LD_RUNPATH_SEARCH_PATHS = "$(inherited) @executable_path/Frameworks @loader_path/Frameworks";
				PRODUCT_BUNDLE_IDENTIFIER = wyw.YWLabelDemoTests;
				PRODUCT_NAME = "$(TARGET_NAME)";
				TEST_HOST = "$(BUILT_PRODUCTS_DIR)/YWLabelDemo.app/YWLabelDemo";
			};
			name = Debug;
		};
		08D2C0481E9CC4CE00D8120C /* Release */ = {
			isa = XCBuildConfiguration;
			buildSettings = {
				BUNDLE_LOADER = "$(TEST_HOST)";
				INFOPLIST_FILE = YWLabelDemoTests/Info.plist;
				LD_RUNPATH_SEARCH_PATHS = "$(inherited) @executable_path/Frameworks @loader_path/Frameworks";
				PRODUCT_BUNDLE_IDENTIFIER = wyw.YWLabelDemoTests;
				PRODUCT_NAME = "$(TARGET_NAME)";
				TEST_HOST = "$(BUILT_PRODUCTS_DIR)/YWLabelDemo.app/YWLabelDemo";
			};
			name = Release;
		};
		08D2C04A1E9CC4CE00D8120C /* Debug */ = {
			isa = XCBuildConfiguration;
			buildSettings = {
				INFOPLIST_FILE = YWLabelDemoUITests/Info.plist;
				LD_RUNPATH_SEARCH_PATHS = "$(inherited) @executable_path/Frameworks @loader_path/Frameworks";
				PRODUCT_BUNDLE_IDENTIFIER = wyw.YWLabelDemoUITests;
				PRODUCT_NAME = "$(TARGET_NAME)";
				TEST_TARGET_NAME = YWLabelDemo;
			};
			name = Debug;
		};
		08D2C04B1E9CC4CE00D8120C /* Release */ = {
			isa = XCBuildConfiguration;
			buildSettings = {
				INFOPLIST_FILE = YWLabelDemoUITests/Info.plist;
				LD_RUNPATH_SEARCH_PATHS = "$(inherited) @executable_path/Frameworks @loader_path/Frameworks";
				PRODUCT_BUNDLE_IDENTIFIER = wyw.YWLabelDemoUITests;
				PRODUCT_NAME = "$(TARGET_NAME)";
				TEST_TARGET_NAME = YWLabelDemo;
			};
			name = Release;
		};
/* End XCBuildConfiguration section */

/* Begin XCConfigurationList section */
		08D2C0111E9CC4CD00D8120C /* Build configuration list for PBXProject "YWLabelDemo" */ = {
			isa = XCConfigurationList;
			buildConfigurations = (
				08D2C0411E9CC4CE00D8120C /* Debug */,
				08D2C0421E9CC4CE00D8120C /* Release */,
			);
			defaultConfigurationIsVisible = 0;
			defaultConfigurationName = Release;
		};
		08D2C0431E9CC4CE00D8120C /* Build configuration list for PBXNativeTarget "YWLabelDemo" */ = {
			isa = XCConfigurationList;
			buildConfigurations = (
				08D2C0441E9CC4CE00D8120C /* Debug */,
				08D2C0451E9CC4CE00D8120C /* Release */,
			);
			defaultConfigurationIsVisible = 0;
			defaultConfigurationName = Release;
		};
		08D2C0461E9CC4CE00D8120C /* Build configuration list for PBXNativeTarget "YWLabelDemoTests" */ = {
			isa = XCConfigurationList;
			buildConfigurations = (
				08D2C0471E9CC4CE00D8120C /* Debug */,
				08D2C0481E9CC4CE00D8120C /* Release */,
			);
			defaultConfigurationIsVisible = 0;
			defaultConfigurationName = Release;
		};
		08D2C0491E9CC4CE00D8120C /* Build configuration list for PBXNativeTarget "YWLabelDemoUITests" */ = {
			isa = XCConfigurationList;
			buildConfigurations = (
				08D2C04A1E9CC4CE00D8120C /* Debug */,
				08D2C04B1E9CC4CE00D8120C /* Release */,
			);
			defaultConfigurationIsVisible = 0;
			defaultConfigurationName = Release;
		};
/* End XCConfigurationList section */
	};
	rootObject = 08D2C00E1E9CC4CD00D8120C /* Project object */;
}
